
Microsoft Visual Studio Solution File, Format Version 12.00
# Visual Studio Version 16
VisualStudioVersion = 16.0.29020.237
MinimumVisualStudioVersion = 10.0.40219.1
Project("{FAE04EC0-301F-11D3-BF4B-00C04F79EFBC}") = "Phone_book", "Phone_book.csproj", "{F4A753D3-4B2F-4A5B-A165-C23B9C488428}"
EndProject
Global
	GlobalSection(SolutionConfigurationPlatforms) = preSolution
		Debug|Any CPU = Debug|Any CPU
		Release|Any CPU = Release|Any CPU
	EndGlobalSection
	GlobalSection(ProjectConfigurationPlatforms) = postSolution
		{F4A753D3-4B2F-4A5B-A165-C23B9C488428}.Debug|Any CPU.ActiveCfg = Debug|Any CPU
		{F4A753D3-4B2F-4A5B-A165-C23B9C488428}.Debug|Any CPU.Build.0 = Debug|Any CPU
		{F4A753D3-4B2F-4A5B-A165-C23B9C488428}.Release|Any CPU.ActiveCfg = Release|Any CPU
		{F4A753D3-4B2F-4A5B-A165-C23B9C488428}.Release|Any CPU.Build.0 = Release|Any CPU
	EndGlobalSection
	GlobalSection(SolutionProperties) = preSolution
		HideSolutionNode = FALSE
	EndGlobalSection
	GlobalSection(ExtensibilityGlobals) = postSolution
		SolutionGuid = {9B133E8A-173E-4815-A252-1218D1047C20}
	EndGlobalSection
EndGlobal
